Microsoft Visual Studio Solution File, Format Version 12.00
# Visual Studio Version 17
VisualStudioVersion = 17.5.2.0
MinimumVisualStudioVersion = 10.0.40219.1
Project("{FAE04EC0-301F-11D3-BF4B-00C04F79EFBC}") = "MicrowaveAPI", "MicrowaveAPI.csproj", "{BA81BB62-5816-FCB7-F78D-7761355D8D1E}"
EndProject
Global
	GlobalSection(SolutionConfigurationPlatforms) = preSolution
		Debug|Any CPU = Debug|Any CPU
		Release|Any CPU = Release|Any CPU
	EndGlobalSection
	GlobalSection(ProjectConfigurationPlatforms) = postSolution
		{BA81BB62-5816-FCB7-F78D-7761355D8D1E}.Debug|Any CPU.ActiveCfg = Debug|Any CPU
		{BA81BB62-5816-FCB7-F78D-7761355D8D1E}.Debug|Any CPU.Build.0 = Debug|Any CPU
		{BA81BB62-5816-FCB7-F78D-7761355D8D1E}.Release|Any CPU.ActiveCfg = Release|Any CPU
		{BA81BB62-5816-FCB7-F78D-7761355D8D1E}.Release|Any CPU.Build.0 = Release|Any CPU
	EndGlobalSection
	GlobalSection(SolutionProperties) = preSolution
		HideSolutionNode = FALSE
	EndGlobalSection
	GlobalSection(ExtensibilityGlobals) = postSolution
		SolutionGuid = {950087F6-9114-4326-98E3-74BFEE9B4A4A}
	EndGlobalSection
EndGlobal
